// !$*UTF8*$!
{
	archiveVersion = 1;
	classes = {
	};
	objectVersion = 55;
	objects = {

/* Begin PBXBuildFile section */
		8F705609281981AF0046EB6C /* Colors.swift in Sources */ = {isa = PBXBuildFile; fileRef = 8F705608281981AF0046EB6C /* Colors.swift */; };
		8F70560B281996850046EB6C /* ModelTitleComponent.swift in Sources */ = {isa = PBXBuildFile; fileRef = 8F70560A281996850046EB6C /* ModelTitleComponent.swift */; };
		8F70560D28199FB00046EB6C /* InputField.swift in Sources */ = {isa = PBXBuildFile; fileRef = 8F70560C28199FB00046EB6C /* InputField.swift */; };
		8F7C8E0628191FDF0017A108 /* ContryCode.swift in Sources */ = {isa = PBXBuildFile; fileRef = 8F7C8E0528191FDF0017A108 /* ContryCode.swift */; };
		8F7C8E08281921980017A108 /* JSON.swift in Sources */ = {isa = PBXBuildFile; fileRef = 8F7C8E07281921980017A108 /* JSON.swift */; };
		8F7C8E0B281924A70017A108 /* ContryCodesStore.swift in Sources */ = {isa = PBXBuildFile; fileRef = 8F7C8E0A281924A70017A108 /* ContryCodesStore.swift */; };
		8F7C8E0D2819376A0017A108 /* ContryCodeList.swift in Sources */ = {isa = PBXBuildFile; fileRef = 8F7C8E0C2819376A0017A108 /* ContryCodeList.swift */; };
		8F7C8E10281939130017A108 /* ContryCodeRow.swift in Sources */ = {isa = PBXBuildFile; fileRef = 8F7C8E0F281939130017A108 /* ContryCodeRow.swift */; };
		8F7C8E132819394D0017A108 /* PreviewProvider.swift in Sources */ = {isa = PBXBuildFile; fileRef = 8F7C8E122819394D0017A108 /* PreviewProvider.swift */; };
		8F7C8E15281939690017A108 /* DeveloperPreview.swift in Sources */ = {isa = PBXBuildFile; fileRef = 8F7C8E14281939690017A108 /* DeveloperPreview.swift */; };
		8FC04A1F28194ED7008EAFA7 /* contry-code.json in Resources */ = {isa = PBXBuildFile; fileRef = 8FC04A1E28194ED7008EAFA7 /* contry-code.json */; };
		8FEE080D281915AD00A95E77 /* CountryCodeApp.swift in Sources */ = {isa = PBXBuildFile; fileRef = 8FEE080C281915AD00A95E77 /* CountryCodeApp.swift */; };
		8FEE080F281915AD00A95E77 /* ContentView.swift in Sources */ = {isa = PBXBuildFile; fileRef = 8FEE080E281915AD00A95E77 /* ContentView.swift */; };
		8FEE0811281915AE00A95E77 /* Assets.xcassets in Resources */ = {isa = PBXBuildFile; fileRef = 8FEE0810281915AE00A95E77 /* Assets.xcassets */; };
		8FEE0814281915AE00A95E77 /* Preview Assets.xcassets in Resources */ = {isa = PBXBuildFile; fileRef = 8FEE0813281915AE00A95E77 /* Preview Assets.xcassets */; };
		8FEE081C281915D300A95E77 /* UIScreen.swift in Sources */ = {isa = PBXBuildFile; fileRef = 8FEE081B281915D300A95E77 /* UIScreen.swift */; };
		8FEE081E281915ED00A95E77 /* Views.swift in Sources */ = {isa = PBXBuildFile; fileRef = 8FEE081D281915ED00A95E77 /* Views.swift */; };
		8FEE08212819163700A95E77 /* ModelSlideUp.swift in Sources */ = {isa = PBXBuildFile; fileRef = 8FEE08202819163700A95E77 /* ModelSlideUp.swift */; };
/* End PBXBuildFile section */

/* Begin PBXFileReference section */
		8F705608281981AF0046EB6C /* Colors.swift */ = {isa = PBXFileReference; lastKnownFileType = sourcecode.swift; path = Colors.swift; sourceTree = "<group>"; };
		8F70560A281996850046EB6C /* ModelTitleComponent.swift */ = {isa = PBXFileReference; lastKnownFileType = sourcecode.swift; path = ModelTitleComponent.swift; sourceTree = "<group>"; };
		8F70560C28199FB00046EB6C /* InputField.swift */ = {isa = PBXFileReference; lastKnownFileType = sourcecode.swift; path = InputField.swift; sourceTree = "<group>"; };
		8F7C8E0528191FDF0017A108 /* ContryCode.swift */ = {isa = PBXFileReference; lastKnownFileType = sourcecode.swift; path = ContryCode.swift; sourceTree = "<group>"; };
		8F7C8E07281921980017A108 /* JSON.swift */ = {isa = PBXFileReference; lastKnownFileType = sourcecode.swift; path = JSON.swift; sourceTree = "<group>"; };
		8F7C8E0A281924A70017A108 /* ContryCodesStore.swift */ = {isa = PBXFileReference; lastKnownFileType = sourcecode.swift; path = ContryCodesStore.swift; sourceTree = "<group>"; };
		8F7C8E0C2819376A0017A108 /* ContryCodeList.swift */ = {isa = PBXFileReference; lastKnownFileType = sourcecode.swift; path = ContryCodeList.swift; sourceTree = "<group>"; };
		8F7C8E0F281939130017A108 /* ContryCodeRow.swift */ = {isa = PBXFileReference; lastKnownFileType = sourcecode.swift; path = ContryCodeRow.swift; sourceTree = "<group>"; };
		8F7C8E122819394D0017A108 /* PreviewProvider.swift */ = {isa = PBXFileReference; lastKnownFileType = sourcecode.swift; path = PreviewProvider.swift; sourceTree = "<group>"; };
		8F7C8E14281939690017A108 /* DeveloperPreview.swift */ = {isa = PBXFileReference; lastKnownFileType = sourcecode.swift; path = DeveloperPreview.swift; sourceTree = "<group>"; };
		8FC04A1E28194ED7008EAFA7 /* contry-code.json */ = {isa = PBXFileReference; fileEncoding = 4; lastKnownFileType = text.json; path = "contry-code.json"; sourceTree = "<group>"; };
		8FEE0809281915AD00A95E77 /* CountryCode.app */ = {isa = PBXFileReference; explicitFileType = wrapper.application; includeInIndex = 0; path = CountryCode.app; sourceTree = BUILT_PRODUCTS_DIR; };
		8FEE080C281915AD00A95E77 /* CountryCodeApp.swift */ = {isa = PBXFileReference; lastKnownFileType = sourcecode.swift; path = CountryCodeApp.swift; sourceTree = "<group>"; };
		8FEE080E281915AD00A95E77 /* ContentView.swift */ = {isa = PBXFileReference; lastKnownFileType = sourcecode.swift; path = ContentView.swift; sourceTree = "<group>"; };
		8FEE0810281915AE00A95E77 /* Assets.xcassets */ = {isa = PBXFileReference; lastKnownFileType = folder.assetcatalog; path = Assets.xcassets; sourceTree = "<group>"; };
		8FEE0813281915AE00A95E77 /* Preview Assets.xcassets */ = {isa = PBXFileReference; lastKnownFileType = folder.assetcatalog; path = "Preview Assets.xcassets"; sourceTree = "<group>"; };
		8FEE081B281915D300A95E77 /* UIScreen.swift */ = {isa = PBXFileReference; lastKnownFileType = sourcecode.swift; path = UIScreen.swift; sourceTree = "<group>"; };
		8FEE081D281915ED00A95E77 /* Views.swift */ = {isa = PBXFileReference; lastKnownFileType = sourcecode.swift; path = Views.swift; sourceTree = "<group>"; };
		8FEE08202819163700A95E77 /* ModelSlideUp.swift */ = {isa = PBXFileReference; lastKnownFileType = sourcecode.swift; path = ModelSlideUp.swift; sourceTree = "<group>"; };
/* End PBXFileReference section */

/* Begin PBXFrameworksBuildPhase section */
		8FEE0806281915AD00A95E77 /* Frameworks */ = {
			isa = PBXFrameworksBuildPhase;
			buildActionMask = 2147483647;
			files = (
			);
			runOnlyForDeploymentPostprocessing = 0;
		};
/* End PBXFrameworksBuildPhase section */

/* Begin PBXGroup section */
		8F7C8E0128191EF00017A108 /* Resources */ = {
			isa = PBXGroup;
			children = (
				8FEE0810281915AE00A95E77 /* Assets.xcassets */,
				8FC04A1E28194ED7008EAFA7 /* contry-code.json */,
			);
			path = Resources;
			sourceTree = "<group>";
		};
		8F7C8E0428191F4D0017A108 /* Models */ = {
			isa = PBXGroup;
			children = (
				8F7C8E0528191FDF0017A108 /* ContryCode.swift */,
			);
			path = Models;
			sourceTree = "<group>";
		};
		8F7C8E092819248D0017A108 /* ViewModels */ = {
			isa = PBXGroup;
			children = (
				8F7C8E0A281924A70017A108 /* ContryCodesStore.swift */,
			);
			path = ViewModels;
			sourceTree = "<group>";
		};
		8F7C8E0E281938FB0017A108 /* Components */ = {
			isa = PBXGroup;
			children = (
				8F7C8E0F281939130017A108 /* ContryCodeRow.swift */,
				8F70560A281996850046EB6C /* ModelTitleComponent.swift */,
				8F70560C28199FB00046EB6C /* InputField.swift */,
			);
			path = Components;
			sourceTree = "<group>";
		};
		8FEE0800281915AD00A95E77 = {
			isa = PBXGroup;
			children = (
				8FEE080B281915AD00A95E77 /* CountryCode */,
				8FEE080A281915AD00A95E77 /* Products */,
			);
			sourceTree = "<group>";
		};
		8FEE080A281915AD00A95E77 /* Products */ = {
			isa = PBXGroup;
			children = (
				8FEE0809281915AD00A95E77 /* CountryCode.app */,
			);
			name = Products;
			sourceTree = "<group>";
		};
		8FEE080B281915AD00A95E77 /* CountryCode */ = {
			isa = PBXGroup;
			children = (
				8FFC58AC283B4D6000A73499 /* App */,
				8FEE081A281915B400A95E77 /* Extentions */,
				8F7C8E0428191F4D0017A108 /* Models */,
				8FEE0812281915AE00A95E77 /* Preview Content */,
				8F7C8E0128191EF00017A108 /* Resources */,
				8F7C8E092819248D0017A108 /* ViewModels */,
				8FEE081F2819162200A95E77 /* Views */,
			);
			path = CountryCode;
			sourceTree = "<group>";
		};
		8FEE0812281915AE00A95E77 /* Preview Content */ = {
			isa = PBXGroup;
			children = (
				8FEE0813281915AE00A95E77 /* Preview Assets.xcassets */,
				8F7C8E122819394D0017A108 /* PreviewProvider.swift */,
				8F7C8E14281939690017A108 /* DeveloperPreview.swift */,
			);
			path = "Preview Content";
			sourceTree = "<group>";
		};
		8FEE081A281915B400A95E77 /* Extentions */ = {
			isa = PBXGroup;
			children = (
				8FEE081B281915D300A95E77 /* UIScreen.swift */,
				8FEE081D281915ED00A95E77 /* Views.swift */,
				8F7C8E07281921980017A108 /* JSON.swift */,
				8F705608281981AF0046EB6C /* Colors.swift */,
			);
			path = Extentions;
			sourceTree = "<group>";
		};
		8FEE081F2819162200A95E77 /* Views */ = {
			isa = PBXGroup;
			children = (
				8F7C8E0E281938FB0017A108 /* Components */,
				8FEE080E281915AD00A95E77 /* ContentView.swift */,
				8FEE08202819163700A95E77 /* ModelSlideUp.swift */,
				8F7C8E0C2819376A0017A108 /* ContryCodeList.swift */,
			);
			path = Views;
			sourceTree = "<group>";
		};
		8FFC58AC283B4D6000A73499 /* App */ = {
			isa = PBXGroup;
			children = (
				8FEE080C281915AD00A95E77 /* CountryCodeApp.swift */,
			);
			path = App;
			sourceTree = "<group>";
		};
/* End PBXGroup section */

/* Begin PBXNativeTarget section */
		8FEE0808281915AD00A95E77 /* CountryCode */ = {
			isa = PBXNativeTarget;
			buildConfigurationList = 8FEE0817281915AE00A95E77 /* Build configuration list for PBXNativeTarget "CountryCode" */;
			buildPhases = (
				8FEE0805281915AD00A95E77 /* Sources */,
				8FEE0806281915AD00A95E77 /* Frameworks */,
				8FEE0807281915AD00A95E77 /* Resources */,
			);
			buildRules = (
			);
			dependencies = (
			);
			name = CountryCode;
			productName = CountryCode;
			productReference = 8FEE0809281915AD00A95E77 /* CountryCode.app */;
			productType = "com.apple.product-type.application";
		};
/* End PBXNativeTarget section */

/* Begin PBXProject section */
		8FEE0801281915AD00A95E77 /* Project object */ = {
			isa = PBXProject;
			attributes = {
				BuildIndependentTargetsInParallel = 1;
				LastSwiftUpdateCheck = 1320;
				LastUpgradeCheck = 1320;
				TargetAttributes = {
					8FEE0808281915AD00A95E77 = {
						CreatedOnToolsVersion = 13.2.1;
					};
				};
			};
			buildConfigurationList = 8FEE0804281915AD00A95E77 /* Build configuration list for PBXProject "CountryCode" */;
			compatibilityVersion = "Xcode 13.0";
			developmentRegion = en;
			hasScannedForEncodings = 0;
			knownRegions = (
				en,
				Base,
			);
			mainGroup = 8FEE0800281915AD00A95E77;
			productRefGroup = 8FEE080A281915AD00A95E77 /* Products */;
			projectDirPath = "";
			projectRoot = "";
			targets = (
				8FEE0808281915AD00A95E77 /* CountryCode */,
			);
		};
/* End PBXProject section */

/* Begin PBXResourcesBuildPhase section */
		8FEE0807281915AD00A95E77 /* Resources */ = {
			isa = PBXResourcesBuildPhase;
			buildActionMask = 2147483647;
			files = (
				8FEE0814281915AE00A95E77 /* Preview Assets.xcassets in Resources */,
				8FC04A1F28194ED7008EAFA7 /* contry-code.json in Resources */,
				8FEE0811281915AE00A95E77 /* Assets.xcassets in Resources */,
			);
			runOnlyForDeploymentPostprocessing = 0;
		};
/* End PBXResourcesBuildPhase section */

/* Begin PBXSourcesBuildPhase section */
		8FEE0805281915AD00A95E77 /* Sources */ = {
			isa = PBXSourcesBuildPhase;
			buildActionMask = 2147483647;
			files = (
				8F7C8E0D2819376A0017A108 /* ContryCodeList.swift in Sources */,
				8FEE081E281915ED00A95E77 /* Views.swift in Sources */,
				8F7C8E08281921980017A108 /* JSON.swift in Sources */,
				8F7C8E0628191FDF0017A108 /* ContryCode.swift in Sources */,
				8F70560B281996850046EB6C /* ModelTitleComponent.swift in Sources */,
				8F7C8E10281939130017A108 /* ContryCodeRow.swift in Sources */,
				8F7C8E0B281924A70017A108 /* ContryCodesStore.swift in Sources */,
				8F7C8E132819394D0017A108 /* PreviewProvider.swift in Sources */,
				8F70560D28199FB00046EB6C /* InputField.swift in Sources */,
				8FEE08212819163700A95E77 /* ModelSlideUp.swift in Sources */,
				8F705609281981AF0046EB6C /* Colors.swift in Sources */,
				8FEE080F281915AD00A95E77 /* ContentView.swift in Sources */,
				8F7C8E15281939690017A108 /* DeveloperPreview.swift in Sources */,
				8FEE081C281915D300A95E77 /* UIScreen.swift in Sources */,
				8FEE080D281915AD00A95E77 /* CountryCodeApp.swift in Sources */,
			);
			runOnlyForDeploymentPostprocessing = 0;
		};
/* End PBXSourcesBuildPhase section */

/* Begin XCBuildConfiguration section */
		8FEE0815281915AE00A95E77 /* Debug */ = {
			isa = XCBuildConfiguration;
			buildSettings = {
				ALWAYS_SEARCH_USER_PATHS = NO;
				CLANG_ANALYZER_NONNULL = YES;
				CLANG_ANALYZER_NUMBER_OBJECT_CONVERSION = YES_AGGRESSIVE;
				CLANG_CXX_LANGUAGE_STANDARD = "gnu++17";
				CLANG_CXX_LIBRARY = "libc++";
				CLANG_ENABLE_MODULES = YES;
				CLANG_ENABLE_OBJC_ARC = YES;
				CLANG_ENABLE_OBJC_WEAK = YES;
				CLANG_WARN_BLOCK_CAPTURE_AUTORELEASING = YES;
				CLANG_WARN_BOOL_CONVERSION = YES;
				CLANG_WARN_COMMA = YES;
				CLANG_WARN_CONSTANT_CONVERSION = YES;
				CLANG_WARN_DEPRECATED_OBJC_IMPLEMENTATIONS = YES;
				CLANG_WARN_DIRECT_OBJC_ISA_USAGE = YES_ERROR;
				CLANG_WARN_DOCUMENTATION_COMMENTS = YES;
				CLANG_WARN_EMPTY_BODY = YES;
				CLANG_WARN_ENUM_CONVERSION = YES;
				CLANG_WARN_INFINITE_RECURSION = YES;
				CLANG_WARN_INT_CONVERSION = YES;
				CLANG_WARN_NON_LITERAL_NULL_CONVERSION = YES;
				CLANG_WARN_OBJC_IMPLICIT_RETAIN_SELF = YES;
				CLANG_WARN_OBJC_LITERAL_CONVERSION = YES;
				CLANG_WARN_OBJC_ROOT_CLASS = YES_ERROR;
				CLANG_WARN_QUOTED_INCLUDE_IN_FRAMEWORK_HEADER = YES;
				CLANG_WARN_RANGE_LOOP_ANALYSIS = YES;
				CLANG_WARN_STRICT_PROTOTYPES = YES;
				CLANG_WARN_SUSPICIOUS_MOVE = YES;
				CLANG_WARN_UNGUARDED_AVAILABILITY = YES_AGGRESSIVE;
				CLANG_WARN_UNREACHABLE_CODE = YES;
				CLANG_WARN__DUPLICATE_METHOD_MATCH = YES;
				COPY_PHASE_STRIP = NO;
				DEBUG_INFORMATION_FORMAT = dwarf;
				ENABLE_STRICT_OBJC_MSGSEND = YES;
				ENABLE_TESTABILITY = YES;
				GCC_C_LANGUAGE_STANDARD = gnu11;
				GCC_DYNAMIC_NO_PIC = NO;
				GCC_NO_COMMON_BLOCKS = YES;
				GCC_OPTIMIZATION_LEVEL = 0;
				GCC_PREPROCESSOR_DEFINITIONS = (
					"DEBUG=1",
					"$(inherited)",
				);
				GCC_WARN_64_TO_32_BIT_CONVERSION = YES;
				GCC_WARN_ABOUT_RETURN_TYPE = YES_ERROR;
				GCC_WARN_UNDECLARED_SELECTOR = YES;
				GCC_WARN_UNINITIALIZED_AUTOS = YES_AGGRESSIVE;
				GCC_WARN_UNUSED_FUNCTION = YES;
				GCC_WARN_UNUSED_VARIABLE = YES;
				IPHONEOS_DEPLOYMENT_TARGET = 15.2;
				MTL_ENABLE_DEBUG_INFO = INCLUDE_SOURCE;
				MTL_FAST_MATH = YES;
				ONLY_ACTIVE_ARCH = YES;
				SDKROOT = iphoneos;
				SWIFT_ACTIVE_COMPILATION_CONDITIONS = DEBUG;
				SWIFT_OPTIMIZATION_LEVEL = "-Onone";
			};
			name = Debug;
		};
		8FEE0816281915AE00A95E77 /* Release */ = {
			isa = XCBuildConfiguration;
			buildSettings = {
				ALWAYS_SEARCH_USER_PATHS = NO;
				CLANG_ANALYZER_NONNULL = YES;
				CLANG_ANALYZER_NUMBER_OBJECT_CONVERSION = YES_AGGRESSIVE;
				CLANG_CXX_LANGUAGE_STANDARD = "gnu++17";
				CLANG_CXX_LIBRARY = "libc++";
				CLANG_ENABLE_MODULES = YES;
				CLANG_ENABLE_OBJC_ARC = YES;
				CLANG_ENABLE_OBJC_WEAK = YES;
				CLANG_WARN_BLOCK_CAPTURE_AUTORELEASING = YES;
				CLANG_WARN_BOOL_CONVERSION = YES;
				CLANG_WARN_COMMA = YES;
				CLANG_WARN_CONSTANT_CONVERSION = YES;
				CLANG_WARN_DEPRECATED_OBJC_IMPLEMENTATIONS = YES;
				CLANG_WARN_DIRECT_OBJC_ISA_USAGE = YES_ERROR;
				CLANG_WARN_DOCUMENTATION_COMMENTS = YES;
				CLANG_WARN_EMPTY_BODY = YES;
				CLANG_WARN_ENUM_CONVERSION = YES;
				CLANG_WARN_INFINITE_RECURSION = YES;
				CLANG_WARN_INT_CONVERSION = YES;
				CLANG_WARN_NON_LITERAL_NULL_CONVERSION = YES;
				CLANG_WARN_OBJC_IMPLICIT_RETAIN_SELF = YES;
				CLANG_WARN_OBJC_LITERAL_CONVERSION = YES;
				CLANG_WARN_OBJC_ROOT_CLASS = YES_ERROR;
				CLANG_WARN_QUOTED_INCLUDE_IN_FRAMEWORK_HEADER = YES;
				CLANG_WARN_RANGE_LOOP_ANALYSIS = YES;
				CLANG_WARN_STRICT_PROTOTYPES = YES;
				CLANG_WARN_SUSPICIOUS_MOVE = YES;
				CLANG_WARN_UNGUARDED_AVAILABILITY = YES_AGGRESSIVE;
				CLANG_WARN_UNREACHABLE_CODE = YES;
				CLANG_WARN__DUPLICATE_METHOD_MATCH = YES;
				COPY_PHASE_STRIP = NO;
				DEBUG_INFORMATION_FORMAT = "dwarf-with-dsym";
				ENABLE_NS_ASSERTIONS = NO;
				ENABLE_STRICT_OBJC_MSGSEND = YES;
				GCC_C_LANGUAGE_STANDARD = gnu11;
				GCC_NO_COMMON_BLOCKS = YES;
				GCC_WARN_64_TO_32_BIT_CONVERSION = YES;
				GCC_WARN_ABOUT_RETURN_TYPE = YES_ERROR;
				GCC_WARN_UNDECLARED_SELECTOR = YES;
				GCC_WARN_UNINITIALIZED_AUTOS = YES_AGGRESSIVE;
				GCC_WARN_UNUSED_FUNCTION = YES;
				GCC_WARN_UNUSED_VARIABLE = YES;
				IPHONEOS_DEPLOYMENT_TARGET = 15.2;
				MTL_ENABLE_DEBUG_INFO = NO;
				MTL_FAST_MATH = YES;
				SDKROOT = iphoneos;
				SWIFT_COMPILATION_MODE = wholemodule;
				SWIFT_OPTIMIZATION_LEVEL = "-O";
				VALIDATE_PRODUCT = YES;
			};
			name = Release;
		};
		8FEE0818281915AE00A95E77 /* Debug */ = {
			isa = XCBuildConfiguration;
			buildSettings = {
				ASSETCATALOG_COMPILER_APPICON_NAME = AppIcon;
				ASSETCATALOG_COMPILER_GLOBAL_ACCENT_COLOR_NAME = AccentColor;
				CODE_SIGN_STYLE = Automatic;
				CURRENT_PROJECT_VERSION = 1;
				DEVELOPMENT_ASSET_PATHS = "\"CountryCode/Preview Content\"";
				DEVELOPMENT_TEAM = N9BX6L78HG;
				ENABLE_PREVIEWS = YES;
				GENERATE_INFOPLIST_FILE = YES;
				INFOPLIST_KEY_UIApplicationSceneManifest_Generation = YES;
				INFOPLIST_KEY_UIApplicationSupportsIndirectInputEvents = YES;
				INFOPLIST_KEY_UILaunchScreen_Generation = YES;
				INFOPLIST_KEY_UISupportedInterfaceOrientations_iPad = "UIInterfaceOrientationPortrait UIInterfaceOrientationPortraitUpsideDown UIInterfaceOrientationLandscapeLeft UIInterfaceOrientationLandscapeRight";
				INFOPLIST_KEY_UISupportedInterfaceOrientations_iPhone = "UIInterfaceOrientationPortrait UIInterfaceOrientationLandscapeLeft UIInterfaceOrientationLandscapeRight";
				LD_RUNPATH_SEARCH_PATHS = (
					"$(inherited)",
					"@executable_path/Frameworks",
				);
				MARKETING_VERSION = 1.0;
				PRODUCT_BUNDLE_IDENTIFIER = com.zerefdragneel.CountryCode;
				PRODUCT_NAME = "$(TARGET_NAME)";
				SWIFT_EMIT_LOC_STRINGS = YES;
				SWIFT_VERSION = 5.0;
				TARGETED_DEVICE_FAMILY = "1,2";
			};
			name = Debug;
		};
		8FEE0819281915AE00A95E77 /* Release */ = {
			isa = XCBuildConfiguration;
			buildSettings = {
				ASSETCATALOG_COMPILER_APPICON_NAME = AppIcon;
				ASSETCATALOG_COMPILER_GLOBAL_ACCENT_COLOR_NAME = AccentColor;
				CODE_SIGN_STYLE = Automatic;
				CURRENT_PROJECT_VERSION = 1;
				DEVELOPMENT_ASSET_PATHS = "\"CountryCode/Preview Content\"";
				DEVELOPMENT_TEAM = N9BX6L78HG;
				ENABLE_PREVIEWS = YES;
				GENERATE_INFOPLIST_FILE = YES;
				INFOPLIST_KEY_UIApplicationSceneManifest_Generation = YES;
				INFOPLIST_KEY_UIApplicationSupportsIndirectInputEvents = YES;
				INFOPLIST_KEY_UILaunchScreen_Generation = YES;
				INFOPLIST_KEY_UISupportedInterfaceOrientations_iPad = "UIInterfaceOrientationPortrait UIInterfaceOrientationPortraitUpsideDown UIInterfaceOrientationLandscapeLeft UIInterfaceOrientationLandscapeRight";
				INFOPLIST_KEY_UISupportedInterfaceOrientations_iPhone = "UIInterfaceOrientationPortrait UIInterfaceOrientationLandscapeLeft UIInterfaceOrientationLandscapeRight";
				LD_RUNPATH_SEARCH_PATHS = (
					"$(inherited)",
					"@executable_path/Frameworks",
				);
				MARKETING_VERSION = 1.0;
				PRODUCT_BUNDLE_IDENTIFIER = com.zerefdragneel.CountryCode;
				PRODUCT_NAME = "$(TARGET_NAME)";
				SWIFT_EMIT_LOC_STRINGS = YES;
				SWIFT_VERSION = 5.0;
				TARGETED_DEVICE_FAMILY = "1,2";
			};
			name = Release;
		};
/* End XCBuildConfiguration section */

/* Begin XCConfigurationList section */
		8FEE0804281915AD00A95E77 /* Build configuration list for PBXProject "CountryCode" */ = {
			isa = XCConfigurationList;
			buildConfigurations = (
				8FEE0815281915AE00A95E77 /* Debug */,
				8FEE0816281915AE00A95E77 /* Release */,
			);
			defaultConfigurationIsVisible = 0;
			defaultConfigurationName = Release;
		};
		8FEE0817281915AE00A95E77 /* Build configuration list for PBXNativeTarget "CountryCode" */ = {
			isa = XCConfigurationList;
			buildConfigurations = (
				8FEE0818281915AE00A95E77 /* Debug */,
				8FEE0819281915AE00A95E77 /* Release */,
			);
			defaultConfigurationIsVisible = 0;
			defaultConfigurationName = Release;
		};
/* End XCConfigurationList section */
	};
	rootObject = 8FEE0801281915AD00A95E77 /* Project object */;
}
